
Microsoft Visual Studio Solution File, Format Version 12.00
# Visual Studio Version 16
VisualStudioVersion = 16.0.31129.286
MinimumVisualStudioVersion = 10.0.40219.1
Project("{FAE04EC0-301F-11D3-BF4B-00C04F79EFBC}") = "CeidDiplomatiki", "CeidDiplomatiki\CeidDiplomatiki.csproj", "{DA062DDC-E918-4C0F-ACA5-B0BDD8E85C80}"
EndProject
Global
	GlobalSection(SolutionConfigurationPlatforms) = preSolution
		Debug|Any CPU = Debug|Any CPU
		Release|Any CPU = Release|Any CPU
	EndGlobalSection
	GlobalSection(ProjectConfigurationPlatforms) = postSolution
		{DA062DDC-E918-4C0F-ACA5-B0BDD8E85C80}.Debug|Any CPU.ActiveCfg = Debug|Any CPU
		{DA062DDC-E918-4C0F-ACA5-B0BDD8E85C80}.Debug|Any CPU.Build.0 = Debug|Any CPU
		{DA062DDC-E918-4C0F-ACA5-B0BDD8E85C80}.Release|Any CPU.ActiveCfg = Release|Any CPU
		{DA062DDC-E918-4C0F-ACA5-B0BDD8E85C80}.Release|Any CPU.Build.0 = Release|Any CPU
	EndGlobalSection
	GlobalSection(SolutionProperties) = preSolution
		HideSolutionNode = FALSE
	EndGlobalSection
	GlobalSection(ExtensibilityGlobals) = postSolution
		SolutionGuid = {044DE530-6FE6-4542-B1AF-96CAA7CFEBFD}
	EndGlobalSection
EndGlobal
